{
  "name": "postgres",
  "version": "1.0.0",
  "lockfileVersion": 1,
  "requires": true,
  "dependencies": {
    "dbmate": {
      "version": "1.0.2",
      "resolved": "https://registry.npmjs.org/dbmate/-/dbmate-1.0.2.tgz",
      "integrity": "sha512-cibo3IWgEywIykoizDs9u7G/mqQYLyO8eV4JHyxfMFaeMq4yByrpVE8gYJxl4QsYrulc6bB0jzG3U02qw4fTTQ==",
      "dev": true
    }
  }
}
